// !$*UTF8*$!
{
	archiveVersion = 1;
	classes = {
	};
	objectVersion = 51;
	objects = {

/* Begin PBXBuildFile section */
		7F25774326BEC339002ADF62 /* DepartmentSectionLayoutKind.swift in Sources */ = {isa = PBXBuildFile; fileRef = 7F25774226BEC339002ADF62 /* DepartmentSectionLayoutKind.swift */; };
		7F25775026BEC50D002ADF62 /* CurrentLocationInfomationCollectionViewExtention.swift in Sources */ = {isa = PBXBuildFile; fileRef = 7F25774F26BEC50D002ADF62 /* CurrentLocationInfomationCollectionViewExtention.swift */; };
		7F25775626BEC6DF002ADF62 /* Reusable.swift in Sources */ = {isa = PBXBuildFile; fileRef = 7F25775526BEC6DF002ADF62 /* Reusable.swift */; };
		7F25776B26BECB21002ADF62 /* HomeViewHeader.swift in Sources */ = {isa = PBXBuildFile; fileRef = 7F25776926BECB21002ADF62 /* HomeViewHeader.swift */; };
		7F25776C26BECB21002ADF62 /* HomeViewHeader.xib in Resources */ = {isa = PBXBuildFile; fileRef = 7F25776A26BECB21002ADF62 /* HomeViewHeader.xib */; };
		7F25777126BECE3B002ADF62 /* HomeViewHeaderTitle.swift in Sources */ = {isa = PBXBuildFile; fileRef = 7F25777026BECE3B002ADF62 /* HomeViewHeaderTitle.swift */; };
		7F26CA8526C547B70004624C /* FloorDetailCollectionViewExtention.swift in Sources */ = {isa = PBXBuildFile; fileRef = 7F26CA8426C547B70004624C /* FloorDetailCollectionViewExtention.swift */; };
		7F5BE868269D13CB00EAF93D /* AppDelegate.swift in Sources */ = {isa = PBXBuildFile; fileRef = 7F5BE867269D13CB00EAF93D /* AppDelegate.swift */; };
		7F5BE86A269D13CB00EAF93D /* SceneDelegate.swift in Sources */ = {isa = PBXBuildFile; fileRef = 7F5BE869269D13CB00EAF93D /* SceneDelegate.swift */; };
		7F5BE871269D13CD00EAF93D /* Assets.xcassets in Resources */ = {isa = PBXBuildFile; fileRef = 7F5BE870269D13CD00EAF93D /* Assets.xcassets */; };
		7F5BE874269D13CD00EAF93D /* LaunchScreen.storyboard in Resources */ = {isa = PBXBuildFile; fileRef = 7F5BE872269D13CD00EAF93D /* LaunchScreen.storyboard */; };
		7F5BE87F269D13CE00EAF93D /* SeventhBuildingApp0120Tests.swift in Sources */ = {isa = PBXBuildFile; fileRef = 7F5BE87E269D13CE00EAF93D /* SeventhBuildingApp0120Tests.swift */; };
		7F5BE88A269D13CE00EAF93D /* SeventhBuildingApp0120UITests.swift in Sources */ = {isa = PBXBuildFile; fileRef = 7F5BE889269D13CE00EAF93D /* SeventhBuildingApp0120UITests.swift */; };
		7F5BE89E269D141E00EAF93D /* LoginViewController.swift in Sources */ = {isa = PBXBuildFile; fileRef = 7F5BE89D269D141E00EAF93D /* LoginViewController.swift */; };
		7F5BE8A3269D143400EAF93D /* Login.storyboard in Resources */ = {isa = PBXBuildFile; fileRef = 7F5BE8A2269D143400EAF93D /* Login.storyboard */; };
		7F5BE8AE269D14CD00EAF93D /* Home.storyboard in Resources */ = {isa = PBXBuildFile; fileRef = 7F5BE8AD269D14CD00EAF93D /* Home.storyboard */; };
		7F5BE8B3269D14F500EAF93D /* HomeViewController.swift in Sources */ = {isa = PBXBuildFile; fileRef = 7F5BE8B2269D14F500EAF93D /* HomeViewController.swift */; };
		7F5BE8BB269D163800EAF93D /* MapViewController.swift in Sources */ = {isa = PBXBuildFile; fileRef = 7F5BE8BA269D163800EAF93D /* MapViewController.swift */; };
		7F5BE8C0269D164700EAF93D /* Map.storyboard in Resources */ = {isa = PBXBuildFile; fileRef = 7F5BE8BF269D164700EAF93D /* Map.storyboard */; };
		7F5BE8C8269D16DF00EAF93D /* FloorDetailViewController.swift in Sources */ = {isa = PBXBuildFile; fileRef = 7F5BE8C7269D16DF00EAF93D /* FloorDetailViewController.swift */; };
		7F5BE8CD269D16F300EAF93D /* FloorDetail.storyboard in Resources */ = {isa = PBXBuildFile; fileRef = 7F5BE8CC269D16F300EAF93D /* FloorDetail.storyboard */; };
		7F5BE8E6269D1BB100EAF93D /* FloorTableViewCell.swift in Sources */ = {isa = PBXBuildFile; fileRef = 7F5BE8E4269D1BB100EAF93D /* FloorTableViewCell.swift */; };
		7F5BE8E7269D1BB100EAF93D /* FloorTableViewCell.xib in Resources */ = {isa = PBXBuildFile; fileRef = 7F5BE8E5269D1BB100EAF93D /* FloorTableViewCell.xib */; };
		7F5BE8ED269D1BEA00EAF93D /* DepartmentCollectionViewCell.swift in Sources */ = {isa = PBXBuildFile; fileRef = 7F5BE8EB269D1BEA00EAF93D /* DepartmentCollectionViewCell.swift */; };
		7F5BE8EE269D1BEA00EAF93D /* DepartmentCollectionViewCell.xib in Resources */ = {isa = PBXBuildFile; fileRef = 7F5BE8EC269D1BEA00EAF93D /* DepartmentCollectionViewCell.xib */; };
		7F621DBA26C025BD00C04BDD /* FloorGuidanceViewController.swift in Sources */ = {isa = PBXBuildFile; fileRef = 7F621DB926C025BD00C04BDD /* FloorGuidanceViewController.swift */; };
		7F621DBF26C025DF00C04BDD /* FloorGuidance.storyboard in Resources */ = {isa = PBXBuildFile; fileRef = 7F621DBE26C025DF00C04BDD /* FloorGuidance.storyboard */; };
		7F621DC426C0266F00C04BDD /* DepartmentGuidanceViewController.swift in Sources */ = {isa = PBXBuildFile; fileRef = 7F621DC326C0266F00C04BDD /* DepartmentGuidanceViewController.swift */; };
		7F621DC926C0268000C04BDD /* DepartmentGuidance.storyboard in Resources */ = {isa = PBXBuildFile; fileRef = 7F621DC826C0268000C04BDD /* DepartmentGuidance.storyboard */; };
		7F709433269E916B00C04BAC /* MissUserSearchViewController.swift in Sources */ = {isa = PBXBuildFile; fileRef = 7F709432269E916B00C04BAC /* MissUserSearchViewController.swift */; };
		7F70943E269E919700C04BAC /* MissUserSearch.storyboard in Resources */ = {isa = PBXBuildFile; fileRef = 7F70943D269E919700C04BAC /* MissUserSearch.storyboard */; };
		7F709456269FF8BA00C04BAC /* LottieAnimationViewController.swift in Sources */ = {isa = PBXBuildFile; fileRef = 7F709455269FF8BA00C04BAC /* LottieAnimationViewController.swift */; };
		7F783BCA26DC969000D79E73 /* HalfModal.storyboard in Resources */ = {isa = PBXBuildFile; fileRef = 7F783BC926DC969000D79E73 /* HalfModal.storyboard */; };
		7F783BCF26DC972C00D79E73 /* HalfModalViewController.swift in Sources */ = {isa = PBXBuildFile; fileRef = 7F783BCE26DC972C00D79E73 /* HalfModalViewController.swift */; };
		7F890FAE1623B9845E4889FE /* Pods_SeventhBuildingApp0120Tests.framework in Frameworks */ = {isa = PBXBuildFile; fileRef = 5B279B83E8A88E5065FA30B4 /* Pods_SeventhBuildingApp0120Tests.framework */; };
		7F8DF8BE26CC4B2D00AC1EC4 /* CurrentLocationInfomationTableViewExtention.swift in Sources */ = {isa = PBXBuildFile; fileRef = 7F8DF8BD26CC4B2D00AC1EC4 /* CurrentLocationInfomationTableViewExtention.swift */; };
		7F8DF8EF26CC5C1000AC1EC4 /* TimetableFoldingCell.swift in Sources */ = {isa = PBXBuildFile; fileRef = 7F8DF8ED26CC5C1000AC1EC4 /* TimetableFoldingCell.swift */; };
		7F8DF8F026CC5C1000AC1EC4 /* TimetableFoldingCell.xib in Resources */ = {isa = PBXBuildFile; fileRef = 7F8DF8EE26CC5C1000AC1EC4 /* TimetableFoldingCell.xib */; };
		7F994B2326D95D65003A5820 /* setting.json in Resources */ = {isa = PBXBuildFile; fileRef = 7F994B2126D95D65003A5820 /* setting.json */; };
		7F994B2426D95D65003A5820 /* walk.json in Resources */ = {isa = PBXBuildFile; fileRef = 7F994B2226D95D65003A5820 /* walk.json */; };
		7FA0A64B26D591EC0064405F /* Floor.swift in Sources */ = {isa = PBXBuildFile; fileRef = 7FA0A64A26D591EC0064405F /* Floor.swift */; };
		7FA0A65126D593B30064405F /* Department.swift in Sources */ = {isa = PBXBuildFile; fileRef = 7FA0A65026D593B30064405F /* Department.swift */; };
		7FA0A65926D593E70064405F /* Timetable.swift in Sources */ = {isa = PBXBuildFile; fileRef = 7FA0A65826D593E70064405F /* Timetable.swift */; };
		7FA0A66026D595860064405F /* NetworkManager.swift in Sources */ = {isa = PBXBuildFile; fileRef = 7FA0A65F26D595860064405F /* NetworkManager.swift */; };
		7FA0A66B26D59E500064405F /* FloorLayoutKind.swift in Sources */ = {isa = PBXBuildFile; fileRef = 7FA0A66A26D59E500064405F /* FloorLayoutKind.swift */; };
		7FA0A67126D5C1850064405F /* RestroomKind.swift in Sources */ = {isa = PBXBuildFile; fileRef = 7FA0A67026D5C1850064405F /* RestroomKind.swift */; };
		7FA0A67926D60C670064405F /* ArrayExtention.swift in Sources */ = {isa = PBXBuildFile; fileRef = 7FA0A67826D60C670064405F /* ArrayExtention.swift */; };
		7FA1847726A17A3A00DA9A50 /* HomeCatalogViewController.swift in Sources */ = {isa = PBXBuildFile; fileRef = 7FA1847626A17A3A00DA9A50 /* HomeCatalogViewController.swift */; };
		7FA1847C26A17AE200DA9A50 /* HomeCatalog.storyboard in Resources */ = {isa = PBXBuildFile; fileRef = 7FA1847B26A17AE200DA9A50 /* HomeCatalog.storyboard */; };
		7FA1848426A18B9700DA9A50 /* HomeTab.storyboard in Resources */ = {isa = PBXBuildFile; fileRef = 7FA1848326A18B9700DA9A50 /* HomeTab.storyboard */; };
		7FA1849F26A3192700DA9A50 /* HomeDepartmentCollectionViewCell.swift in Sources */ = {isa = PBXBuildFile; fileRef = 7FA1849D26A3192700DA9A50 /* HomeDepartmentCollectionViewCell.swift */; };
		7FA184A026A3192700DA9A50 /* HomeDepartmentCollectionViewCell.xib in Resources */ = {isa = PBXBuildFile; fileRef = 7FA1849E26A3192700DA9A50 /* HomeDepartmentCollectionViewCell.xib */; };
		7FB47FB0269D27C800F0DDF4 /* success.json in Resources */ = {isa = PBXBuildFile; fileRef = 7FB47FAE269D27C800F0DDF4 /* success.json */; };
		7FBD082126DBBD0B00B4D108 /* MapKit.framework in Frameworks */ = {isa = PBXBuildFile; fileRef = 7FBD082026DBBD0B00B4D108 /* MapKit.framework */; };
		7FC70BB226D3E0990091BB38 /* Weather.swift in Sources */ = {isa = PBXBuildFile; fileRef = 7FC70BB126D3E0990091BB38 /* Weather.swift */; };
		7FC70BBA26D3E2250091BB38 /* Current.swift in Sources */ = {isa = PBXBuildFile; fileRef = 7FC70BB926D3E2250091BB38 /* Current.swift */; };
		7FD8026F26CBD69D00B68126 /* HomeDepartmentTableViewCell.swift in Sources */ = {isa = PBXBuildFile; fileRef = 7FD8026D26CBD69D00B68126 /* HomeDepartmentTableViewCell.swift */; };
		7FD8027026CBD69D00B68126 /* HomeDepartmentTableViewCell.xib in Resources */ = {isa = PBXBuildFile; fileRef = 7FD8026E26CBD69D00B68126 /* HomeDepartmentTableViewCell.xib */; };
		7FD8027626CBD7C500B68126 /* HomeTimetableTableViewCell.swift in Sources */ = {isa = PBXBuildFile; fileRef = 7FD8027426CBD7C500B68126 /* HomeTimetableTableViewCell.swift */; };
		7FD8027726CBD7C500B68126 /* HomeTimetableTableViewCell.xib in Resources */ = {isa = PBXBuildFile; fileRef = 7FD8027526CBD7C500B68126 /* HomeTimetableTableViewCell.xib */; };
		7FD8028526CBDD1600B68126 /* FloorDetailTableViewExtention.swift in Sources */ = {isa = PBXBuildFile; fileRef = 7FD8028426CBDD1600B68126 /* FloorDetailTableViewExtention.swift */; };
		7FE1018E26D9FE110074F3AA /* SettingLottieView.swift in Sources */ = {isa = PBXBuildFile; fileRef = 7FE1018D26D9FE100074F3AA /* SettingLottieView.swift */; };
		7FE1019626D9FE2E0074F3AA /* SettingLottieView.xib in Resources */ = {isa = PBXBuildFile; fileRef = 7FE1019526D9FE2E0074F3AA /* SettingLottieView.xib */; };
		7FEB538326C1202B00D4D714 /* FloorGuidanceTableViewExtension.swift in Sources */ = {isa = PBXBuildFile; fileRef = 7FEB538226C1202B00D4D714 /* FloorGuidanceTableViewExtension.swift */; };
		7FEB538E26C321B700D4D714 /* DepartmentGuidanceSectionLayoutKind.swift in Sources */ = {isa = PBXBuildFile; fileRef = 7FEB538D26C321B700D4D714 /* DepartmentGuidanceSectionLayoutKind.swift */; };
		7FEB539326C32D1400D4D714 /* DepartmentGuidanceHeaderTitle.swift in Sources */ = {isa = PBXBuildFile; fileRef = 7FEB539226C32D1400D4D714 /* DepartmentGuidanceHeaderTitle.swift */; };
		7FEB539B26C3B84000D4D714 /* DepartmentGuidanceCollectionViewExtention.swift in Sources */ = {isa = PBXBuildFile; fileRef = 7FEB539A26C3B83F00D4D714 /* DepartmentGuidanceCollectionViewExtention.swift */; };
		7FF34C93269D82B20070A9D8 /* TextFieldExtension.swift in Sources */ = {isa = PBXBuildFile; fileRef = 7FF34C92269D82B20070A9D8 /* TextFieldExtension.swift */; };
		7FF34C98269D83740070A9D8 /* ButtonExtension.swift in Sources */ = {isa = PBXBuildFile; fileRef = 7FF34C97269D83740070A9D8 /* ButtonExtension.swift */; };
		7FF34CB0269E687E0070A9D8 /* UserPositionSearchViewController.swift in Sources */ = {isa = PBXBuildFile; fileRef = 7FF34CAF269E687E0070A9D8 /* UserPositionSearchViewController.swift */; };
		7FF34CB8269E68AB0070A9D8 /* UserPositionSearch.storyboard in Resources */ = {isa = PBXBuildFile; fileRef = 7FF34CB7269E68AB0070A9D8 /* UserPositionSearch.storyboard */; };
		7FF34CC0269E69290070A9D8 /* indicator.json in Resources */ = {isa = PBXBuildFile; fileRef = 7FF34CBF269E69290070A9D8 /* indicator.json */; };
		835FE08C6970DB85E8D84B8D /* Pods_SeventhBuildingApp0120.framework in Frameworks */ = {isa = PBXBuildFile; fileRef = 8B50BDD806729881F63A21D6 /* Pods_SeventhBuildingApp0120.framework */; };
		D32B010D21267101A48C2D14 /* Pods_SeventhBuildingApp0120_SeventhBuildingApp0120UITests.framework in Frameworks */ = {isa = PBXBuildFile; fileRef = 9F5446AD25091DBF8C227996 /* Pods_SeventhBuildingApp0120_SeventhBuildingApp0120UITests.framework */; };
/* End PBXBuildFile section */

/* Begin PBXContainerItemProxy section */
		7F5BE87B269D13CE00EAF93D /* PBXContainerItemProxy */ = {
			isa = PBXContainerItemProxy;
			containerPortal = 7F5BE85C269D13CB00EAF93D /* Project object */;
			proxyType = 1;
			remoteGlobalIDString = 7F5BE863269D13CB00EAF93D;
			remoteInfo = SeventhBuildingApp0120;
		};
		7F5BE886269D13CE00EAF93D /* PBXContainerItemProxy */ = {
			isa = PBXContainerItemProxy;
			containerPortal = 7F5BE85C269D13CB00EAF93D /* Project object */;
			proxyType = 1;
			remoteGlobalIDString = 7F5BE863269D13CB00EAF93D;
			remoteInfo = SeventhBuildingApp0120;
		};
/* End PBXContainerItemProxy section */

/* Begin PBXFileReference section */
		2C7A7E0269C5F9A59BA7197A /* Pods-SeventhBuildingApp0120-SeventhBuildingApp0120UITests.debug.xcconfig */ = {isa = PBXFileReference; includeInIndex = 1; lastKnownFileType = text.xcconfig; name = "Pods-SeventhBuildingApp0120-SeventhBuildingApp0120UITests.debug.xcconfig"; path = "Target Support Files/Pods-SeventhBuildingApp0120-SeventhBuildingApp0120UITests/Pods-SeventhBuildingApp0120-SeventhBuildingApp0120UITests.debug.xcconfig"; sourceTree = "<group>"; };
		3D5B6E858C6F0B3DFC26C4EA /* Pods-SeventhBuildingApp0120Tests.debug.xcconfig */ = {isa = PBXFileReference; includeInIndex = 1; lastKnownFileType = text.xcconfig; name = "Pods-SeventhBuildingApp0120Tests.debug.xcconfig"; path = "Target Support Files/Pods-SeventhBuildingApp0120Tests/Pods-SeventhBuildingApp0120Tests.debug.xcconfig"; sourceTree = "<group>"; };
		45C9A9EC59A8B869889C92A4 /* Pods-SeventhBuildingApp0120Tests.release.xcconfig */ = {isa = PBXFileReference; includeInIndex = 1; lastKnownFileType = text.xcconfig; name = "Pods-SeventhBuildingApp0120Tests.release.xcconfig"; path = "Target Support Files/Pods-SeventhBuildingApp0120Tests/Pods-SeventhBuildingApp0120Tests.release.xcconfig"; sourceTree = "<group>"; };
		5B279B83E8A88E5065FA30B4 /* Pods_SeventhBuildingApp0120Tests.framework */ = {isa = PBXFileReference; explicitFileType = wrapper.framework; includeInIndex = 0; path = Pods_SeventhBuildingApp0120Tests.framework; sourceTree = BUILT_PRODUCTS_DIR; };
		7F25774226BEC339002ADF62 /* DepartmentSectionLayoutKind.swift */ = {isa = PBXFileReference; lastKnownFileType = sourcecode.swift; path = DepartmentSectionLayoutKind.swift; sourceTree = "<group>"; };
		7F25774F26BEC50D002ADF62 /* CurrentLocationInfomationCollectionViewExtention.swift */ = {isa = PBXFileReference; lastKnownFileType = sourcecode.swift; path = CurrentLocationInfomationCollectionViewExtention.swift; sourceTree = "<group>"; };
		7F25775526BEC6DF002ADF62 /* Reusable.swift */ = {isa = PBXFileReference; lastKnownFileType = sourcecode.swift; path = Reusable.swift; sourceTree = "<group>"; };
		7F25776926BECB21002ADF62 /* HomeViewHeader.swift */ = {isa = PBXFileReference; lastKnownFileType = sourcecode.swift; path = HomeViewHeader.swift; sourceTree = "<group>"; };
		7F25776A26BECB21002ADF62 /* HomeViewHeader.xib */ = {isa = PBXFileReference; lastKnownFileType = file.xib; path = HomeViewHeader.xib; sourceTree = "<group>"; };
		7F25777026BECE3B002ADF62 /* HomeViewHeaderTitle.swift */ = {isa = PBXFileReference; lastKnownFileType = sourcecode.swift; path = HomeViewHeaderTitle.swift; sourceTree = "<group>"; };
		7F26CA8426C547B70004624C /* FloorDetailCollectionViewExtention.swift */ = {isa = PBXFileReference; lastKnownFileType = sourcecode.swift; path = FloorDetailCollectionViewExtention.swift; sourceTree = "<group>"; };
		7F5BE864269D13CB00EAF93D /* SeventhBuildingApp0120.app */ = {isa = PBXFileReference; explicitFileType = wrapper.application; includeInIndex = 0; path = SeventhBuildingApp0120.app; sourceTree = BUILT_PRODUCTS_DIR; };
		7F5BE867269D13CB00EAF93D /* AppDelegate.swift */ = {isa = PBXFileReference; lastKnownFileType = sourcecode.swift; path = AppDelegate.swift; sourceTree = "<group>"; };
		7F5BE869269D13CB00EAF93D /* SceneDelegate.swift */ = {isa = PBXFileReference; lastKnownFileType = sourcecode.swift; path = SceneDelegate.swift; sourceTree = "<group>"; };
		7F5BE870269D13CD00EAF93D /* Assets.xcassets */ = {isa = PBXFileReference; lastKnownFileType = folder.assetcatalog; path = Assets.xcassets; sourceTree = "<group>"; };
		7F5BE873269D13CD00EAF93D /* Base */ = {isa = PBXFileReference; lastKnownFileType = file.storyboard; name = Base; path = Base.lproj/LaunchScreen.storyboard; sourceTree = "<group>"; };
		7F5BE875269D13CD00EAF93D /* Info.plist */ = {isa = PBXFileReference; lastKnownFileType = text.plist.xml; path = Info.plist; sourceTree = "<group>"; };
		7F5BE87A269D13CE00EAF93D /* SeventhBuildingApp0120Tests.xctest */ = {isa = PBXFileReference; explicitFileType = wrapper.cfbundle; includeInIndex = 0; path = SeventhBuildingApp0120Tests.xctest; sourceTree = BUILT_PRODUCTS_DIR; };
		7F5BE87E269D13CE00EAF93D /* SeventhBuildingApp0120Tests.swift */ = {isa = PBXFileReference; lastKnownFileType = sourcecode.swift; path = SeventhBuildingApp0120Tests.swift; sourceTree = "<group>"; };
		7F5BE880269D13CE00EAF93D /* Info.plist */ = {isa = PBXFileReference; lastKnownFileType = text.plist.xml; path = Info.plist; sourceTree = "<group>"; };
		7F5BE885269D13CE00EAF93D /* SeventhBuildingApp0120UITests.xctest */ = {isa = PBXFileReference; explicitFileType = wrapper.cfbundle; includeInIndex = 0; path = SeventhBuildingApp0120UITests.xctest; sourceTree = BUILT_PRODUCTS_DIR; };
		7F5BE889269D13CE00EAF93D /* SeventhBuildingApp0120UITests.swift */ = {isa = PBXFileReference; lastKnownFileType = sourcecode.swift; path = SeventhBuildingApp0120UITests.swift; sourceTree = "<group>"; };
		7F5BE88B269D13CE00EAF93D /* Info.plist */ = {isa = PBXFileReference; lastKnownFileType = text.plist.xml; path = Info.plist; sourceTree = "<group>"; };
		7F5BE89D269D141E00EAF93D /* LoginViewController.swift */ = {isa = PBXFileReference; lastKnownFileType = sourcecode.swift; path = LoginViewController.swift; sourceTree = "<group>"; };
		7F5BE8A2269D143400EAF93D /* Login.storyboard */ = {isa = PBXFileReference; lastKnownFileType = file.storyboard; path = Login.storyboard; sourceTree = "<group>"; };
		7F5BE8AD269D14CD00EAF93D /* Home.storyboard */ = {isa = PBXFileReference; lastKnownFileType = file.storyboard; path = Home.storyboard; sourceTree = "<group>"; };
		7F5BE8B2269D14F500EAF93D /* HomeViewController.swift */ = {isa = PBXFileReference; lastKnownFileType = sourcecode.swift; path = HomeViewController.swift; sourceTree = "<group>"; };
		7F5BE8BA269D163800EAF93D /* MapViewController.swift */ = {isa = PBXFileReference; lastKnownFileType = sourcecode.swift; path = MapViewController.swift; sourceTree = "<group>"; };
		7F5BE8BF269D164700EAF93D /* Map.storyboard */ = {isa = PBXFileReference; lastKnownFileType = file.storyboard; path = Map.storyboard; sourceTree = "<group>"; };
		7F5BE8C7269D16DF00EAF93D /* FloorDetailViewController.swift */ = {isa = PBXFileReference; lastKnownFileType = sourcecode.swift; path = FloorDetailViewController.swift; sourceTree = "<group>"; };
		7F5BE8CC269D16F300EAF93D /* FloorDetail.storyboard */ = {isa = PBXFileReference; lastKnownFileType = file.storyboard; path = FloorDetail.storyboard; sourceTree = "<group>"; };
		7F5BE8E4269D1BB100EAF93D /* FloorTableViewCell.swift */ = {isa = PBXFileReference; lastKnownFileType = sourcecode.swift; path = FloorTableViewCell.swift; sourceTree = "<group>"; };
		7F5BE8E5269D1BB100EAF93D /* FloorTableViewCell.xib */ = {isa = PBXFileReference; lastKnownFileType = file.xib; path = FloorTableViewCell.xib; sourceTree = "<group>"; };
		7F5BE8EB269D1BEA00EAF93D /* DepartmentCollectionViewCell.swift */ = {isa = PBXFileReference; lastKnownFileType = sourcecode.swift; path = DepartmentCollectionViewCell.swift; sourceTree = "<group>"; };
		7F5BE8EC269D1BEA00EAF93D /* DepartmentCollectionViewCell.xib */ = {isa = PBXFileReference; lastKnownFileType = file.xib; path = DepartmentCollectionViewCell.xib; sourceTree = "<group>"; };
		7F621DB926C025BD00C04BDD /* FloorGuidanceViewController.swift */ = {isa = PBXFileReference; lastKnownFileType = sourcecode.swift; path = FloorGuidanceViewController.swift; sourceTree = "<group>"; };
		7F621DBE26C025DF00C04BDD /* FloorGuidance.storyboard */ = {isa = PBXFileReference; lastKnownFileType = file.storyboard; path = FloorGuidance.storyboard; sourceTree = "<group>"; };
		7F621DC326C0266F00C04BDD /* DepartmentGuidanceViewController.swift */ = {isa = PBXFileReference; lastKnownFileType = sourcecode.swift; path = DepartmentGuidanceViewController.swift; sourceTree = "<group>"; };
		7F621DC826C0268000C04BDD /* DepartmentGuidance.storyboard */ = {isa = PBXFileReference; lastKnownFileType = file.storyboard; path = DepartmentGuidance.storyboard; sourceTree = "<group>"; };
		7F709432269E916B00C04BAC /* MissUserSearchViewController.swift */ = {isa = PBXFileReference; lastKnownFileType = sourcecode.swift; path = MissUserSearchViewController.swift; sourceTree = "<group>"; };
		7F70943D269E919700C04BAC /* MissUserSearch.storyboard */ = {isa = PBXFileReference; lastKnownFileType = file.storyboard; path = MissUserSearch.storyboard; sourceTree = "<group>"; };
		7F709455269FF8BA00C04BAC /* LottieAnimationViewController.swift */ = {isa = PBXFileReference; lastKnownFileType = sourcecode.swift; path = LottieAnimationViewController.swift; sourceTree = "<group>"; };
		7F783BC926DC969000D79E73 /* HalfModal.storyboard */ = {isa = PBXFileReference; lastKnownFileType = file.storyboard; path = HalfModal.storyboard; sourceTree = "<group>"; };
		7F783BCE26DC972C00D79E73 /* HalfModalViewController.swift */ = {isa = PBXFileReference; lastKnownFileType = sourcecode.swift; path = HalfModalViewController.swift; sourceTree = "<group>"; };
		7F8DF8BD26CC4B2D00AC1EC4 /* CurrentLocationInfomationTableViewExtention.swift */ = {isa = PBXFileReference; lastKnownFileType = sourcecode.swift; path = CurrentLocationInfomationTableViewExtention.swift; sourceTree = "<group>"; };
		7F8DF8ED26CC5C1000AC1EC4 /* TimetableFoldingCell.swift */ = {isa = PBXFileReference; lastKnownFileType = sourcecode.swift; path = TimetableFoldingCell.swift; sourceTree = "<group>"; };
		7F8DF8EE26CC5C1000AC1EC4 /* TimetableFoldingCell.xib */ = {isa = PBXFileReference; lastKnownFileType = file.xib; path = TimetableFoldingCell.xib; sourceTree = "<group>"; };
		7F994B2126D95D65003A5820 /* setting.json */ = {isa = PBXFileReference; fileEncoding = 4; lastKnownFileType = text.json; path = setting.json; sourceTree = "<group>"; };
		7F994B2226D95D65003A5820 /* walk.json */ = {isa = PBXFileReference; fileEncoding = 4; lastKnownFileType = text.json; path = walk.json; sourceTree = "<group>"; };
		7FA0A64A26D591EC0064405F /* Floor.swift */ = {isa = PBXFileReference; lastKnownFileType = sourcecode.swift; path = Floor.swift; sourceTree = "<group>"; };
		7FA0A65026D593B30064405F /* Department.swift */ = {isa = PBXFileReference; lastKnownFileType = sourcecode.swift; path = Department.swift; sourceTree = "<group>"; };
		7FA0A65826D593E70064405F /* Timetable.swift */ = {isa = PBXFileReference; lastKnownFileType = sourcecode.swift; path = Timetable.swift; sourceTree = "<group>"; };
		7FA0A65F26D595860064405F /* NetworkManager.swift */ = {isa = PBXFileReference; lastKnownFileType = sourcecode.swift; path = NetworkManager.swift; sourceTree = "<group>"; };
		7FA0A66A26D59E500064405F /* FloorLayoutKind.swift */ = {isa = PBXFileReference; lastKnownFileType = sourcecode.swift; path = FloorLayoutKind.swift; sourceTree = "<group>"; };
		7FA0A67026D5C1850064405F /* RestroomKind.swift */ = {isa = PBXFileReference; lastKnownFileType = sourcecode.swift; path = RestroomKind.swift; sourceTree = "<group>"; };
		7FA0A67826D60C670064405F /* ArrayExtention.swift */ = {isa = PBXFileReference; lastKnownFileType = sourcecode.swift; path = ArrayExtention.swift; sourceTree = "<group>"; };
		7FA1847626A17A3A00DA9A50 /* HomeCatalogViewController.swift */ = {isa = PBXFileReference; lastKnownFileType = sourcecode.swift; path = HomeCatalogViewController.swift; sourceTree = "<group>"; };
		7FA1847B26A17AE200DA9A50 /* HomeCatalog.storyboard */ = {isa = PBXFileReference; lastKnownFileType = file.storyboard; path = HomeCatalog.storyboard; sourceTree = "<group>"; };
		7FA1848326A18B9700DA9A50 /* HomeTab.storyboard */ = {isa = PBXFileReference; lastKnownFileType = file.storyboard; path = HomeTab.storyboard; sourceTree = "<group>"; };
		7FA1849D26A3192700DA9A50 /* HomeDepartmentCollectionViewCell.swift */ = {isa = PBXFileReference; lastKnownFileType = sourcecode.swift; path = HomeDepartmentCollectionViewCell.swift; sourceTree = "<group>"; };
		7FA1849E26A3192700DA9A50 /* HomeDepartmentCollectionViewCell.xib */ = {isa = PBXFileReference; lastKnownFileType = file.xib; path = HomeDepartmentCollectionViewCell.xib; sourceTree = "<group>"; };
		7FB47FAE269D27C800F0DDF4 /* success.json */ = {isa = PBXFileReference; fileEncoding = 4; lastKnownFileType = text.json; path = success.json; sourceTree = "<group>"; };
		7FBD082026DBBD0B00B4D108 /* MapKit.framework */ = {isa = PBXFileReference; lastKnownFileType = wrapper.framework; name = MapKit.framework; path = System/Library/Frameworks/MapKit.framework; sourceTree = SDKROOT; };
		7FC70BB126D3E0990091BB38 /* Weather.swift */ = {isa = PBXFileReference; lastKnownFileType = sourcecode.swift; path = Weather.swift; sourceTree = "<group>"; };
		7FC70BB926D3E2250091BB38 /* Current.swift */ = {isa = PBXFileReference; lastKnownFileType = sourcecode.swift; path = Current.swift; sourceTree = "<group>"; };
		7FD8026D26CBD69D00B68126 /* HomeDepartmentTableViewCell.swift */ = {isa = PBXFileReference; lastKnownFileType = sourcecode.swift; path = HomeDepartmentTableViewCell.swift; sourceTree = "<group>"; };
		7FD8026E26CBD69D00B68126 /* HomeDepartmentTableViewCell.xib */ = {isa = PBXFileReference; lastKnownFileType = file.xib; path = HomeDepartmentTableViewCell.xib; sourceTree = "<group>"; };
		7FD8027426CBD7C500B68126 /* HomeTimetableTableViewCell.swift */ = {isa = PBXFileReference; lastKnownFileType = sourcecode.swift; path = HomeTimetableTableViewCell.swift; sourceTree = "<group>"; };
		7FD8027526CBD7C500B68126 /* HomeTimetableTableViewCell.xib */ = {isa = PBXFileReference; lastKnownFileType = file.xib; path = HomeTimetableTableViewCell.xib; sourceTree = "<group>"; };
		7FD8028426CBDD1600B68126 /* FloorDetailTableViewExtention.swift */ = {isa = PBXFileReference; lastKnownFileType = sourcecode.swift; path = FloorDetailTableViewExtention.swift; sourceTree = "<group>"; };
		7FE1018D26D9FE100074F3AA /* SettingLottieView.swift */ = {isa = PBXFileReference; lastKnownFileType = sourcecode.swift; path = SettingLottieView.swift; sourceTree = "<group>"; };
		7FE1019526D9FE2E0074F3AA /* SettingLottieView.xib */ = {isa = PBXFileReference; lastKnownFileType = file.xib; path = SettingLottieView.xib; sourceTree = "<group>"; };
		7FEB538226C1202B00D4D714 /* FloorGuidanceTableViewExtension.swift */ = {isa = PBXFileReference; lastKnownFileType = sourcecode.swift; path = FloorGuidanceTableViewExtension.swift; sourceTree = "<group>"; };
		7FEB538D26C321B700D4D714 /* DepartmentGuidanceSectionLayoutKind.swift */ = {isa = PBXFileReference; lastKnownFileType = sourcecode.swift; path = DepartmentGuidanceSectionLayoutKind.swift; sourceTree = "<group>"; };
		7FEB539226C32D1400D4D714 /* DepartmentGuidanceHeaderTitle.swift */ = {isa = PBXFileReference; lastKnownFileType = sourcecode.swift; path = DepartmentGuidanceHeaderTitle.swift; sourceTree = "<group>"; };
		7FEB539A26C3B83F00D4D714 /* DepartmentGuidanceCollectionViewExtention.swift */ = {isa = PBXFileReference; lastKnownFileType = sourcecode.swift; path = DepartmentGuidanceCollectionViewExtention.swift; sourceTree = "<group>"; };
		7FF34C92269D82B20070A9D8 /* TextFieldExtension.swift */ = {isa = PBXFileReference; lastKnownFileType = sourcecode.swift; path = TextFieldExtension.swift; sourceTree = "<group>"; };
		7FF34C97269D83740070A9D8 /* ButtonExtension.swift */ = {isa = PBXFileReference; lastKnownFileType = sourcecode.swift; path = ButtonExtension.swift; sourceTree = "<group>"; };
		7FF34CAF269E687E0070A9D8 /* UserPositionSearchViewController.swift */ = {isa = PBXFileReference; lastKnownFileType = sourcecode.swift; path = UserPositionSearchViewController.swift; sourceTree = "<group>"; };
		7FF34CB7269E68AB0070A9D8 /* UserPositionSearch.storyboard */ = {isa = PBXFileReference; lastKnownFileType = file.storyboard; path = UserPositionSearch.storyboard; sourceTree = "<group>"; };
		7FF34CBF269E69290070A9D8 /* indicator.json */ = {isa = PBXFileReference; fileEncoding = 4; lastKnownFileType = text.json; path = indicator.json; sourceTree = "<group>"; };
		8B50BDD806729881F63A21D6 /* Pods_SeventhBuildingApp0120.framework */ = {isa = PBXFileReference; explicitFileType = wrapper.framework; includeInIndex = 0; path = Pods_SeventhBuildingApp0120.framework; sourceTree = BUILT_PRODUCTS_DIR; };
		9F5446AD25091DBF8C227996 /* Pods_SeventhBuildingApp0120_SeventhBuildingApp0120UITests.framework */ = {isa = PBXFileReference; explicitFileType = wrapper.framework; includeInIndex = 0; path = Pods_SeventhBuildingApp0120_SeventhBuildingApp0120UITests.framework; sourceTree = BUILT_PRODUCTS_DIR; };
		B366F5759A506733639812A5 /* Pods-SeventhBuildingApp0120-SeventhBuildingApp0120UITests.release.xcconfig */ = {isa = PBXFileReference; includeInIndex = 1; lastKnownFileType = text.xcconfig; name = "Pods-SeventhBuildingApp0120-SeventhBuildingApp0120UITests.release.xcconfig"; path = "Target Support Files/Pods-SeventhBuildingApp0120-SeventhBuildingApp0120UITests/Pods-SeventhBuildingApp0120-SeventhBuildingApp0120UITests.release.xcconfig"; sourceTree = "<group>"; };
		B4FEF55A3E144C9D8AD48659 /* Pods-SeventhBuildingApp0120.release.xcconfig */ = {isa = PBXFileReference; includeInIndex = 1; lastKnownFileType = text.xcconfig; name = "Pods-SeventhBuildingApp0120.release.xcconfig"; path = "Target Support Files/Pods-SeventhBuildingApp0120/Pods-SeventhBuildingApp0120.release.xcconfig"; sourceTree = "<group>"; };
		E38BD066E2A9B153AD6FD6DC /* Pods-SeventhBuildingApp0120.debug.xcconfig */ = {isa = PBXFileReference; includeInIndex = 1; lastKnownFileType = text.xcconfig; name = "Pods-SeventhBuildingApp0120.debug.xcconfig"; path = "Target Support Files/Pods-SeventhBuildingApp0120/Pods-SeventhBuildingApp0120.debug.xcconfig"; sourceTree = "<group>"; };
/* End PBXFileReference section */

/* Begin PBXFrameworksBuildPhase section */
		7F5BE861269D13CB00EAF93D /* Frameworks */ = {
			isa = PBXFrameworksBuildPhase;
			buildActionMask = 2147483647;
			files = (
				7FBD082126DBBD0B00B4D108 /* MapKit.framework in Frameworks */,
				835FE08C6970DB85E8D84B8D /* Pods_SeventhBuildingApp0120.framework in Frameworks */,
			);
			runOnlyForDeploymentPostprocessing = 0;
		};
		7F5BE877269D13CE00EAF93D /* Frameworks */ = {
			isa = PBXFrameworksBuildPhase;
			buildActionMask = 2147483647;
			files = (
				7F890FAE1623B9845E4889FE /* Pods_SeventhBuildingApp0120Tests.framework in Frameworks */,
			);
			runOnlyForDeploymentPostprocessing = 0;
		};
		7F5BE882269D13CE00EAF93D /* Frameworks */ = {
			isa = PBXFrameworksBuildPhase;
			buildActionMask = 2147483647;
			files = (
				D32B010D21267101A48C2D14 /* Pods_SeventhBuildingApp0120_SeventhBuildingApp0120UITests.framework in Frameworks */,
			);
			runOnlyForDeploymentPostprocessing = 0;
		};
/* End PBXFrameworksBuildPhase section */

/* Begin PBXGroup section */
		2715C58333804ABBC4ED4E48 /* Pods */ = {
			isa = PBXGroup;
			children = (
				E38BD066E2A9B153AD6FD6DC /* Pods-SeventhBuildingApp0120.debug.xcconfig */,
				B4FEF55A3E144C9D8AD48659 /* Pods-SeventhBuildingApp0120.release.xcconfig */,
				2C7A7E0269C5F9A59BA7197A /* Pods-SeventhBuildingApp0120-SeventhBuildingApp0120UITests.debug.xcconfig */,
				B366F5759A506733639812A5 /* Pods-SeventhBuildingApp0120-SeventhBuildingApp0120UITests.release.xcconfig */,
				3D5B6E858C6F0B3DFC26C4EA /* Pods-SeventhBuildingApp0120Tests.debug.xcconfig */,
				45C9A9EC59A8B869889C92A4 /* Pods-SeventhBuildingApp0120Tests.release.xcconfig */,
			);
			path = Pods;
			sourceTree = "<group>";
		};
		7F25775426BEC645002ADF62 /* Protocol */ = {
			isa = PBXGroup;
			children = (
				7F25775526BEC6DF002ADF62 /* Reusable.swift */,
			);
			path = Protocol;
			sourceTree = "<group>";
		};
		7F25775A26BEC8DA002ADF62 /* Storyboard */ = {
			isa = PBXGroup;
			children = (
				7F5BE872269D13CD00EAF93D /* LaunchScreen.storyboard */,
				7FF34CB7269E68AB0070A9D8 /* UserPositionSearch.storyboard */,
				7F5BE8A2269D143400EAF93D /* Login.storyboard */,
				7FA1848326A18B9700DA9A50 /* HomeTab.storyboard */,
				7F5BE8AD269D14CD00EAF93D /* Home.storyboard */,
				7F5BE8CC269D16F300EAF93D /* FloorDetail.storyboard */,
				7F5BE8BF269D164700EAF93D /* Map.storyboard */,
				7FA1847B26A17AE200DA9A50 /* HomeCatalog.storyboard */,
				7F70943D269E919700C04BAC /* MissUserSearch.storyboard */,
				7F621DBE26C025DF00C04BDD /* FloorGuidance.storyboard */,
				7F621DC826C0268000C04BDD /* DepartmentGuidance.storyboard */,
				7F783BC926DC969000D79E73 /* HalfModal.storyboard */,
			);
			path = Storyboard;
			sourceTree = "<group>";
		};
		7F25775B26BEC8F4002ADF62 /* Header */ = {
			isa = PBXGroup;
			children = (
				7F25776926BECB21002ADF62 /* HomeViewHeader.swift */,
				7F25776A26BECB21002ADF62 /* HomeViewHeader.xib */,
			);
			path = Header;
			sourceTree = "<group>";
		};
		7F5BE85B269D13CB00EAF93D = {
			isa = PBXGroup;
			children = (
				7F5BE866269D13CB00EAF93D /* SeventhBuildingApp0120 */,
				7F5BE87D269D13CE00EAF93D /* SeventhBuildingApp0120Tests */,
				7F5BE888269D13CE00EAF93D /* SeventhBuildingApp0120UITests */,
				7F5BE865269D13CB00EAF93D /* Products */,
				2715C58333804ABBC4ED4E48 /* Pods */,
				C542D8084CF51772AAAE9151 /* Frameworks */,
			);
			sourceTree = "<group>";
		};
		7F5BE865269D13CB00EAF93D /* Products */ = {
			isa = PBXGroup;
			children = (
				7F5BE864269D13CB00EAF93D /* SeventhBuildingApp0120.app */,
				7F5BE87A269D13CE00EAF93D /* SeventhBuildingApp0120Tests.xctest */,
				7F5BE885269D13CE00EAF93D /* SeventhBuildingApp0120UITests.xctest */,
			);
			name = Products;
			sourceTree = "<group>";
		};
		7F5BE866269D13CB00EAF93D /* SeventhBuildingApp0120 */ = {
			isa = PBXGroup;
			children = (
				7F25775426BEC645002ADF62 /* Protocol */,
				7FB47FAD269D279900F0DDF4 /* Json */,
				7F5BE8A9269D14AB00EAF93D /* Model */,
				7F5BE8A7269D149B00EAF93D /* View */,
				7F5BE8A8269D14A200EAF93D /* Controller */,
				7FF34C8E269D49D90070A9D8 /* Extention */,
				7F5BE867269D13CB00EAF93D /* AppDelegate.swift */,
				7F5BE869269D13CB00EAF93D /* SceneDelegate.swift */,
				7F5BE870269D13CD00EAF93D /* Assets.xcassets */,
				7F5BE875269D13CD00EAF93D /* Info.plist */,
			);
			path = SeventhBuildingApp0120;
			sourceTree = "<group>";
		};
		7F5BE87D269D13CE00EAF93D /* SeventhBuildingApp0120Tests */ = {
			isa = PBXGroup;
			children = (
				7F5BE87E269D13CE00EAF93D /* SeventhBuildingApp0120Tests.swift */,
				7F5BE880269D13CE00EAF93D /* Info.plist */,
			);
			path = SeventhBuildingApp0120Tests;
			sourceTree = "<group>";
		};
		7F5BE888269D13CE00EAF93D /* SeventhBuildingApp0120UITests */ = {
			isa = PBXGroup;
			children = (
				7F5BE889269D13CE00EAF93D /* SeventhBuildingApp0120UITests.swift */,
				7F5BE88B269D13CE00EAF93D /* Info.plist */,
			);
			path = SeventhBuildingApp0120UITests;
			sourceTree = "<group>";
		};
		7F5BE8A7269D149B00EAF93D /* View */ = {
			isa = PBXGroup;
			children = (
				7FE1018C26D9FDE50074F3AA /* LottieView */,
				7F25775A26BEC8DA002ADF62 /* Storyboard */,
				7F25775B26BEC8F4002ADF62 /* Header */,
				7F5BE8D1269D177000EAF93D /* Cell */,
			);
			path = View;
			sourceTree = "<group>";
		};
		7F5BE8A8269D14A200EAF93D /* Controller */ = {
			isa = PBXGroup;
			children = (
				7FF34CAF269E687E0070A9D8 /* UserPositionSearchViewController.swift */,
				7F5BE89D269D141E00EAF93D /* LoginViewController.swift */,
				7F5BE8B2269D14F500EAF93D /* HomeViewController.swift */,
				7FA1847626A17A3A00DA9A50 /* HomeCatalogViewController.swift */,
				7F621DB926C025BD00C04BDD /* FloorGuidanceViewController.swift */,
				7F621DC326C0266F00C04BDD /* DepartmentGuidanceViewController.swift */,
				7F5BE8C7269D16DF00EAF93D /* FloorDetailViewController.swift */,
				7F709432269E916B00C04BAC /* MissUserSearchViewController.swift */,
				7F5BE8BA269D163800EAF93D /* MapViewController.swift */,
				7F783BCE26DC972C00D79E73 /* HalfModalViewController.swift */,
				7F709455269FF8BA00C04BAC /* LottieAnimationViewController.swift */,
			);
			path = Controller;
			sourceTree = "<group>";
		};
		7F5BE8A9269D14AB00EAF93D /* Model */ = {
			isa = PBXGroup;
			children = (
				7FA0A65E26D595630064405F /* Maneger */,
				7FC70BAD26D3DC590091BB38 /* Entity */,
				7FC70BAC26D3DC4C0091BB38 /* enum */,
			);
			path = Model;
			sourceTree = "<group>";
		};
		7F5BE8D1269D177000EAF93D /* Cell */ = {
			isa = PBXGroup;
			children = (
				7FD8026D26CBD69D00B68126 /* HomeDepartmentTableViewCell.swift */,
				7FD8026E26CBD69D00B68126 /* HomeDepartmentTableViewCell.xib */,
				7FA1849D26A3192700DA9A50 /* HomeDepartmentCollectionViewCell.swift */,
				7FA1849E26A3192700DA9A50 /* HomeDepartmentCollectionViewCell.xib */,
				7FD8027426CBD7C500B68126 /* HomeTimetableTableViewCell.swift */,
				7FD8027526CBD7C500B68126 /* HomeTimetableTableViewCell.xib */,
				7F5BE8E4269D1BB100EAF93D /* FloorTableViewCell.swift */,
				7F5BE8E5269D1BB100EAF93D /* FloorTableViewCell.xib */,
				7F8DF8ED26CC5C1000AC1EC4 /* TimetableFoldingCell.swift */,
				7F8DF8EE26CC5C1000AC1EC4 /* TimetableFoldingCell.xib */,
				7F5BE8EB269D1BEA00EAF93D /* DepartmentCollectionViewCell.swift */,
				7F5BE8EC269D1BEA00EAF93D /* DepartmentCollectionViewCell.xib */,
			);
			path = Cell;
			sourceTree = "<group>";
		};
		7FA0A64F26D592150064405F /* Weather */ = {
			isa = PBXGroup;
			children = (
				7FC70BB126D3E0990091BB38 /* Weather.swift */,
				7FC70BB926D3E2250091BB38 /* Current.swift */,
			);
			path = Weather;
			sourceTree = "<group>";
		};
		7FA0A65D26D594FA0064405F /* Building */ = {
			isa = PBXGroup;
			children = (
				7FA0A64A26D591EC0064405F /* Floor.swift */,
				7FA0A65026D593B30064405F /* Department.swift */,
				7FA0A65826D593E70064405F /* Timetable.swift */,
			);
			path = Building;
			sourceTree = "<group>";
		};
		7FA0A65E26D595630064405F /* Maneger */ = {
			isa = PBXGroup;
			children = (
				7FA0A65F26D595860064405F /* NetworkManager.swift */,
			);
			path = Maneger;
			sourceTree = "<group>";
		};
		7FB47FAD269D279900F0DDF4 /* Json */ = {
			isa = PBXGroup;
			children = (
				7F994B2126D95D65003A5820 /* setting.json */,
				7F994B2226D95D65003A5820 /* walk.json */,
				7FF34CBF269E69290070A9D8 /* indicator.json */,
				7FB47FAE269D27C800F0DDF4 /* success.json */,
			);
			path = Json;
			sourceTree = "<group>";
		};
		7FC70BAC26D3DC4C0091BB38 /* enum */ = {
			isa = PBXGroup;
			children = (
				7F25774226BEC339002ADF62 /* DepartmentSectionLayoutKind.swift */,
				7F25777026BECE3B002ADF62 /* HomeViewHeaderTitle.swift */,
				7FEB538D26C321B700D4D714 /* DepartmentGuidanceSectionLayoutKind.swift */,
				7FEB539226C32D1400D4D714 /* DepartmentGuidanceHeaderTitle.swift */,
				7FA0A66A26D59E500064405F /* FloorLayoutKind.swift */,
				7FA0A67026D5C1850064405F /* RestroomKind.swift */,
			);
			path = enum;
			sourceTree = "<group>";
		};
		7FC70BAD26D3DC590091BB38 /* Entity */ = {
			isa = PBXGroup;
			children = (
				7FA0A65D26D594FA0064405F /* Building */,
				7FA0A64F26D592150064405F /* Weather */,
			);
			path = Entity;
			sourceTree = "<group>";
		};
		7FE1018C26D9FDE50074F3AA /* LottieView */ = {
			isa = PBXGroup;
			children = (
				7FE1018D26D9FE100074F3AA /* SettingLottieView.swift */,
				7FE1019526D9FE2E0074F3AA /* SettingLottieView.xib */,
			);
			path = LottieView;
			sourceTree = "<group>";
		};
		7FF34C8E269D49D90070A9D8 /* Extention */ = {
			isa = PBXGroup;
			children = (
				7FF34C92269D82B20070A9D8 /* TextFieldExtension.swift */,
				7FF34C97269D83740070A9D8 /* ButtonExtension.swift */,
				7FA0A67826D60C670064405F /* ArrayExtention.swift */,
				7F25774F26BEC50D002ADF62 /* CurrentLocationInfomationCollectionViewExtention.swift */,
				7F8DF8BD26CC4B2D00AC1EC4 /* CurrentLocationInfomationTableViewExtention.swift */,
				7FEB538226C1202B00D4D714 /* FloorGuidanceTableViewExtension.swift */,
				7FEB539A26C3B83F00D4D714 /* DepartmentGuidanceCollectionViewExtention.swift */,
				7F26CA8426C547B70004624C /* FloorDetailCollectionViewExtention.swift */,
				7FD8028426CBDD1600B68126 /* FloorDetailTableViewExtention.swift */,
			);
			path = Extention;
			sourceTree = "<group>";
		};
		C542D8084CF51772AAAE9151 /* Frameworks */ = {
			isa = PBXGroup;
			children = (
				7FBD082026DBBD0B00B4D108 /* MapKit.framework */,
				8B50BDD806729881F63A21D6 /* Pods_SeventhBuildingApp0120.framework */,
				9F5446AD25091DBF8C227996 /* Pods_SeventhBuildingApp0120_SeventhBuildingApp0120UITests.framework */,
				5B279B83E8A88E5065FA30B4 /* Pods_SeventhBuildingApp0120Tests.framework */,
			);
			name = Frameworks;
			sourceTree = "<group>";
		};
/* End PBXGroup section */

/* Begin PBXNativeTarget section */
		7F5BE863269D13CB00EAF93D /* SeventhBuildingApp0120 */ = {
			isa = PBXNativeTarget;
			buildConfigurationList = 7F5BE88E269D13CE00EAF93D /* Build configuration list for PBXNativeTarget "SeventhBuildingApp0120" */;
			buildPhases = (
				0A88D3B998D48DEF7D6FA5F0 /* [CP] Check Pods Manifest.lock */,
				7F5BE860269D13CB00EAF93D /* Sources */,
				7F5BE861269D13CB00EAF93D /* Frameworks */,
				7F5BE862269D13CB00EAF93D /* Resources */,
				AAC3D724FDA0A03225C9999D /* [CP] Embed Pods Frameworks */,
			);
			buildRules = (
			);
			dependencies = (
			);
			name = SeventhBuildingApp0120;
			productName = SeventhBuildingApp0120;
			productReference = 7F5BE864269D13CB00EAF93D /* SeventhBuildingApp0120.app */;
			productType = "com.apple.product-type.application";
		};
		7F5BE879269D13CE00EAF93D /* SeventhBuildingApp0120Tests */ = {
			isa = PBXNativeTarget;
			buildConfigurationList = 7F5BE891269D13CE00EAF93D /* Build configuration list for PBXNativeTarget "SeventhBuildingApp0120Tests" */;
			buildPhases = (
				4D827E5394D5383911987F73 /* [CP] Check Pods Manifest.lock */,
				7F5BE876269D13CE00EAF93D /* Sources */,
				7F5BE877269D13CE00EAF93D /* Frameworks */,
				7F5BE878269D13CE00EAF93D /* Resources */,
			);
			buildRules = (
			);
			dependencies = (
				7F5BE87C269D13CE00EAF93D /* PBXTargetDependency */,
			);
			name = SeventhBuildingApp0120Tests;
			productName = SeventhBuildingApp0120Tests;
			productReference = 7F5BE87A269D13CE00EAF93D /* SeventhBuildingApp0120Tests.xctest */;
			productType = "com.apple.product-type.bundle.unit-test";
		};
		7F5BE884269D13CE00EAF93D /* SeventhBuildingApp0120UITests */ = {
			isa = PBXNativeTarget;
			buildConfigurationList = 7F5BE894269D13CE00EAF93D /* Build configuration list for PBXNativeTarget "SeventhBuildingApp0120UITests" */;
			buildPhases = (
				E60671F12301A646F811158F /* [CP] Check Pods Manifest.lock */,
				7F5BE881269D13CE00EAF93D /* Sources */,
				7F5BE882269D13CE00EAF93D /* Frameworks */,
				7F5BE883269D13CE00EAF93D /* Resources */,
				07D1D9EFCE1291AAFA5DA729 /* [CP] Embed Pods Frameworks */,
			);
			buildRules = (
			);
			dependencies = (
				7F5BE887269D13CE00EAF93D /* PBXTargetDependency */,
			);
			name = SeventhBuildingApp0120UITests;
			productName = SeventhBuildingApp0120UITests;
			productReference = 7F5BE885269D13CE00EAF93D /* SeventhBuildingApp0120UITests.xctest */;
			productType = "com.apple.product-type.bundle.ui-testing";
		};
/* End PBXNativeTarget section */

/* Begin PBXProject section */
		7F5BE85C269D13CB00EAF93D /* Project object */ = {
			isa = PBXProject;
			attributes = {
				LastSwiftUpdateCheck = 1240;
				LastUpgradeCheck = 1240;
				TargetAttributes = {
					7F5BE863269D13CB00EAF93D = {
						CreatedOnToolsVersion = 12.4;
					};
					7F5BE879269D13CE00EAF93D = {
						CreatedOnToolsVersion = 12.4;
						TestTargetID = 7F5BE863269D13CB00EAF93D;
					};
					7F5BE884269D13CE00EAF93D = {
						CreatedOnToolsVersion = 12.4;
						TestTargetID = 7F5BE863269D13CB00EAF93D;
					};
				};
			};
			buildConfigurationList = 7F5BE85F269D13CB00EAF93D /* Build configuration list for PBXProject "SeventhBuildingApp0120" */;
			compatibilityVersion = "Xcode 9.3";
			developmentRegion = en;
			hasScannedForEncodings = 0;
			knownRegions = (
				en,
				Base,
			);
			mainGroup = 7F5BE85B269D13CB00EAF93D;
			productRefGroup = 7F5BE865269D13CB00EAF93D /* Products */;
			projectDirPath = "";
			projectRoot = "";
			targets = (
				7F5BE863269D13CB00EAF93D /* SeventhBuildingApp0120 */,
				7F5BE879269D13CE00EAF93D /* SeventhBuildingApp0120Tests */,
				7F5BE884269D13CE00EAF93D /* SeventhBuildingApp0120UITests */,
			);
		};
/* End PBXProject section */

/* Begin PBXResourcesBuildPhase section */
		7F5BE862269D13CB00EAF93D /* Resources */ = {
			isa = PBXResourcesBuildPhase;
			buildActionMask = 2147483647;
			files = (
				7FE1019626D9FE2E0074F3AA /* SettingLottieView.xib in Resources */,
				7F5BE8CD269D16F300EAF93D /* FloorDetail.storyboard in Resources */,
				7F621DBF26C025DF00C04BDD /* FloorGuidance.storyboard in Resources */,
				7FD8027726CBD7C500B68126 /* HomeTimetableTableViewCell.xib in Resources */,
				7F70943E269E919700C04BAC /* MissUserSearch.storyboard in Resources */,
				7F5BE8EE269D1BEA00EAF93D /* DepartmentCollectionViewCell.xib in Resources */,
				7F5BE874269D13CD00EAF93D /* LaunchScreen.storyboard in Resources */,
				7F5BE871269D13CD00EAF93D /* Assets.xcassets in Resources */,
				7FB47FB0269D27C800F0DDF4 /* success.json in Resources */,
				7F5BE8E7269D1BB100EAF93D /* FloorTableViewCell.xib in Resources */,
				7FA1848426A18B9700DA9A50 /* HomeTab.storyboard in Resources */,
				7F994B2326D95D65003A5820 /* setting.json in Resources */,
				7FD8027026CBD69D00B68126 /* HomeDepartmentTableViewCell.xib in Resources */,
				7F994B2426D95D65003A5820 /* walk.json in Resources */,
				7FA184A026A3192700DA9A50 /* HomeDepartmentCollectionViewCell.xib in Resources */,
				7F783BCA26DC969000D79E73 /* HalfModal.storyboard in Resources */,
				7F8DF8F026CC5C1000AC1EC4 /* TimetableFoldingCell.xib in Resources */,
				7F621DC926C0268000C04BDD /* DepartmentGuidance.storyboard in Resources */,
				7FA1847C26A17AE200DA9A50 /* HomeCatalog.storyboard in Resources */,
				7F5BE8C0269D164700EAF93D /* Map.storyboard in Resources */,
				7F5BE8A3269D143400EAF93D /* Login.storyboard in Resources */,
				7FF34CC0269E69290070A9D8 /* indicator.json in Resources */,
				7FF34CB8269E68AB0070A9D8 /* UserPositionSearch.storyboard in Resources */,
				7F25776C26BECB21002ADF62 /* HomeViewHeader.xib in Resources */,
				7F5BE8AE269D14CD00EAF93D /* Home.storyboard in Resources */,
			);
			runOnlyForDeploymentPostprocessing = 0;
		};
		7F5BE878269D13CE00EAF93D /* Resources */ = {
			isa = PBXResourcesBuildPhase;
			buildActionMask = 2147483647;
			files = (
			);
			runOnlyForDeploymentPostprocessing = 0;
		};
		7F5BE883269D13CE00EAF93D /* Resources */ = {
			isa = PBXResourcesBuildPhase;
			buildActionMask = 2147483647;
			files = (
			);
			runOnlyForDeploymentPostprocessing = 0;
		};
/* End PBXResourcesBuildPhase section */

/* Begin PBXShellScriptBuildPhase section */
		07D1D9EFCE1291AAFA5DA729 /* [CP] Embed Pods Frameworks */ = {
			isa = PBXShellScriptBuildPhase;
			buildActionMask = 2147483647;
			files = (
			);
			inputFileListPaths = (
				"${PODS_ROOT}/Target Support Files/Pods-SeventhBuildingApp0120-SeventhBuildingApp0120UITests/Pods-SeventhBuildingApp0120-SeventhBuildingApp0120UITests-frameworks-${CONFIGURATION}-input-files.xcfilelist",
			);
			name = "[CP] Embed Pods Frameworks";
			outputFileListPaths = (
				"${PODS_ROOT}/Target Support Files/Pods-SeventhBuildingApp0120-SeventhBuildingApp0120UITests/Pods-SeventhBuildingApp0120-SeventhBuildingApp0120UITests-frameworks-${CONFIGURATION}-output-files.xcfilelist",
			);
			runOnlyForDeploymentPostprocessing = 0;
			shellPath = /bin/sh;
			shellScript = "\"${PODS_ROOT}/Target Support Files/Pods-SeventhBuildingApp0120-SeventhBuildingApp0120UITests/Pods-SeventhBuildingApp0120-SeventhBuildingApp0120UITests-frameworks.sh\"\n";
			showEnvVarsInLog = 0;
		};
		0A88D3B998D48DEF7D6FA5F0 /* [CP] Check Pods Manifest.lock */ = {
			isa = PBXShellScriptBuildPhase;
			buildActionMask = 2147483647;
			files = (
			);
			inputFileListPaths = (
			);
			inputPaths = (
				"${PODS_PODFILE_DIR_PATH}/Podfile.lock",
				"${PODS_ROOT}/Manifest.lock",
			);
			name = "[CP] Check Pods Manifest.lock";
			outputFileListPaths = (
			);
			outputPaths = (
				"$(DERIVED_FILE_DIR)/Pods-SeventhBuildingApp0120-checkManifestLockResult.txt",
			);
			runOnlyForDeploymentPostprocessing = 0;
			shellPath = /bin/sh;
			shellScript = "diff \"${PODS_PODFILE_DIR_PATH}/Podfile.lock\" \"${PODS_ROOT}/Manifest.lock\" > /dev/null\nif [ $? != 0 ] ; then\n    # print error to STDERR\n    echo \"error: The sandbox is not in sync with the Podfile.lock. Run 'pod install' or update your CocoaPods installation.\" >&2\n    exit 1\nfi\n# This output is used by Xcode 'outputs' to avoid re-running this script phase.\necho \"SUCCESS\" > \"${SCRIPT_OUTPUT_FILE_0}\"\n";
			showEnvVarsInLog = 0;
		};
		4D827E5394D5383911987F73 /* [CP] Check Pods Manifest.lock */ = {
			isa = PBXShellScriptBuildPhase;
			buildActionMask = 2147483647;
			files = (
			);
			inputFileListPaths = (
			);
			inputPaths = (
				"${PODS_PODFILE_DIR_PATH}/Podfile.lock",
				"${PODS_ROOT}/Manifest.lock",
			);
			name = "[CP] Check Pods Manifest.lock";
			outputFileListPaths = (
			);
			outputPaths = (
				"$(DERIVED_FILE_DIR)/Pods-SeventhBuildingApp0120Tests-checkManifestLockResult.txt",
			);
			runOnlyForDeploymentPostprocessing = 0;
			shellPath = /bin/sh;
			shellScript = "diff \"${PODS_PODFILE_DIR_PATH}/Podfile.lock\" \"${PODS_ROOT}/Manifest.lock\" > /dev/null\nif [ $? != 0 ] ; then\n    # print error to STDERR\n    echo \"error: The sandbox is not in sync with the Podfile.lock. Run 'pod install' or update your CocoaPods installation.\" >&2\n    exit 1\nfi\n# This output is used by Xcode 'outputs' to avoid re-running this script phase.\necho \"SUCCESS\" > \"${SCRIPT_OUTPUT_FILE_0}\"\n";
			showEnvVarsInLog = 0;
		};
		AAC3D724FDA0A03225C9999D /* [CP] Embed Pods Frameworks */ = {
			isa = PBXShellScriptBuildPhase;
			buildActionMask = 2147483647;
			files = (
			);
			inputFileListPaths = (
				"${PODS_ROOT}/Target Support Files/Pods-SeventhBuildingApp0120/Pods-SeventhBuildingApp0120-frameworks-${CONFIGURATION}-input-files.xcfilelist",
			);
			name = "[CP] Embed Pods Frameworks";
			outputFileListPaths = (
				"${PODS_ROOT}/Target Support Files/Pods-SeventhBuildingApp0120/Pods-SeventhBuildingApp0120-frameworks-${CONFIGURATION}-output-files.xcfilelist",
			);
			runOnlyForDeploymentPostprocessing = 0;
			shellPath = /bin/sh;
			shellScript = "\"${PODS_ROOT}/Target Support Files/Pods-SeventhBuildingApp0120/Pods-SeventhBuildingApp0120-frameworks.sh\"\n";
			showEnvVarsInLog = 0;
		};
		E60671F12301A646F811158F /* [CP] Check Pods Manifest.lock */ = {
			isa = PBXShellScriptBuildPhase;
			buildActionMask = 2147483647;
			files = (
			);
			inputFileListPaths = (
			);
			inputPaths = (
				"${PODS_PODFILE_DIR_PATH}/Podfile.lock",
				"${PODS_ROOT}/Manifest.lock",
			);
			name = "[CP] Check Pods Manifest.lock";
			outputFileListPaths = (
			);
			outputPaths = (
				"$(DERIVED_FILE_DIR)/Pods-SeventhBuildingApp0120-SeventhBuildingApp0120UITests-checkManifestLockResult.txt",
			);
			runOnlyForDeploymentPostprocessing = 0;
			shellPath = /bin/sh;
			shellScript = "diff \"${PODS_PODFILE_DIR_PATH}/Podfile.lock\" \"${PODS_ROOT}/Manifest.lock\" > /dev/null\nif [ $? != 0 ] ; then\n    # print error to STDERR\n    echo \"error: The sandbox is not in sync with the Podfile.lock. Run 'pod install' or update your CocoaPods installation.\" >&2\n    exit 1\nfi\n# This output is used by Xcode 'outputs' to avoid re-running this script phase.\necho \"SUCCESS\" > \"${SCRIPT_OUTPUT_FILE_0}\"\n";
			showEnvVarsInLog = 0;
		};
/* End PBXShellScriptBuildPhase section */

/* Begin PBXSourcesBuildPhase section */
		7F5BE860269D13CB00EAF93D /* Sources */ = {
			isa = PBXSourcesBuildPhase;
			buildActionMask = 2147483647;
			files = (
				7FA0A66026D595860064405F /* NetworkManager.swift in Sources */,
				7FA0A65926D593E70064405F /* Timetable.swift in Sources */,
				7F8DF8BE26CC4B2D00AC1EC4 /* CurrentLocationInfomationTableViewExtention.swift in Sources */,
				7F783BCF26DC972C00D79E73 /* HalfModalViewController.swift in Sources */,
				7FC70BBA26D3E2250091BB38 /* Current.swift in Sources */,
				7FF34C98269D83740070A9D8 /* ButtonExtension.swift in Sources */,
				7F26CA8526C547B70004624C /* FloorDetailCollectionViewExtention.swift in Sources */,
				7FA0A67126D5C1850064405F /* RestroomKind.swift in Sources */,
				7F5BE8E6269D1BB100EAF93D /* FloorTableViewCell.swift in Sources */,
				7FA1849F26A3192700DA9A50 /* HomeDepartmentCollectionViewCell.swift in Sources */,
				7FD8028526CBDD1600B68126 /* FloorDetailTableViewExtention.swift in Sources */,
				7FA0A67926D60C670064405F /* ArrayExtention.swift in Sources */,
				7F5BE89E269D141E00EAF93D /* LoginViewController.swift in Sources */,
				7F25775026BEC50D002ADF62 /* CurrentLocationInfomationCollectionViewExtention.swift in Sources */,
				7FEB539B26C3B84000D4D714 /* DepartmentGuidanceCollectionViewExtention.swift in Sources */,
				7F709433269E916B00C04BAC /* MissUserSearchViewController.swift in Sources */,
				7FA0A65126D593B30064405F /* Department.swift in Sources */,
				7F5BE868269D13CB00EAF93D /* AppDelegate.swift in Sources */,
				7F621DBA26C025BD00C04BDD /* FloorGuidanceViewController.swift in Sources */,
				7FEB538326C1202B00D4D714 /* FloorGuidanceTableViewExtension.swift in Sources */,
				7FEB539326C32D1400D4D714 /* DepartmentGuidanceHeaderTitle.swift in Sources */,
				7FD8026F26CBD69D00B68126 /* HomeDepartmentTableViewCell.swift in Sources */,
				7F8DF8EF26CC5C1000AC1EC4 /* TimetableFoldingCell.swift in Sources */,
				7FA0A64B26D591EC0064405F /* Floor.swift in Sources */,
				7FF34C93269D82B20070A9D8 /* TextFieldExtension.swift in Sources */,
				7F25774326BEC339002ADF62 /* DepartmentSectionLayoutKind.swift in Sources */,
				7FEB538E26C321B700D4D714 /* DepartmentGuidanceSectionLayoutKind.swift in Sources */,
				7F5BE8C8269D16DF00EAF93D /* FloorDetailViewController.swift in Sources */,
				7F709456269FF8BA00C04BAC /* LottieAnimationViewController.swift in Sources */,
				7FA1847726A17A3A00DA9A50 /* HomeCatalogViewController.swift in Sources */,
				7F5BE86A269D13CB00EAF93D /* SceneDelegate.swift in Sources */,
				7F5BE8ED269D1BEA00EAF93D /* DepartmentCollectionViewCell.swift in Sources */,
				7FD8027626CBD7C500B68126 /* HomeTimetableTableViewCell.swift in Sources */,
				7FC70BB226D3E0990091BB38 /* Weather.swift in Sources */,
				7F5BE8BB269D163800EAF93D /* MapViewController.swift in Sources */,
				7FE1018E26D9FE110074F3AA /* SettingLottieView.swift in Sources */,
				7F25777126BECE3B002ADF62 /* HomeViewHeaderTitle.swift in Sources */,
				7F25776B26BECB21002ADF62 /* HomeViewHeader.swift in Sources */,
				7F25775626BEC6DF002ADF62 /* Reusable.swift in Sources */,
				7FF34CB0269E687E0070A9D8 /* UserPositionSearchViewController.swift in Sources */,
				7F5BE8B3269D14F500EAF93D /* HomeViewController.swift in Sources */,
				7FA0A66B26D59E500064405F /* FloorLayoutKind.swift in Sources */,
				7F621DC426C0266F00C04BDD /* DepartmentGuidanceViewController.swift in Sources */,
			);
			runOnlyForDeploymentPostprocessing = 0;
		};
		7F5BE876269D13CE00EAF93D /* Sources */ = {
			isa = PBXSourcesBuildPhase;
			buildActionMask = 2147483647;
			files = (
				7F5BE87F269D13CE00EAF93D /* SeventhBuildingApp0120Tests.swift in Sources */,
			);
			runOnlyForDeploymentPostprocessing = 0;
		};
		7F5BE881269D13CE00EAF93D /* Sources */ = {
			isa = PBXSourcesBuildPhase;
			buildActionMask = 2147483647;
			files = (
				7F5BE88A269D13CE00EAF93D /* SeventhBuildingApp0120UITests.swift in Sources */,
			);
			runOnlyForDeploymentPostprocessing = 0;
		};
/* End PBXSourcesBuildPhase section */

/* Begin PBXTargetDependency section */
		7F5BE87C269D13CE00EAF93D /* PBXTargetDependency */ = {
			isa = PBXTargetDependency;
			target = 7F5BE863269D13CB00EAF93D /* SeventhBuildingApp0120 */;
			targetProxy = 7F5BE87B269D13CE00EAF93D /* PBXContainerItemProxy */;
		};
		7F5BE887269D13CE00EAF93D /* PBXTargetDependency */ = {
			isa = PBXTargetDependency;
			target = 7F5BE863269D13CB00EAF93D /* SeventhBuildingApp0120 */;
			targetProxy = 7F5BE886269D13CE00EAF93D /* PBXContainerItemProxy */;
		};
/* End PBXTargetDependency section */

/* Begin PBXVariantGroup section */
		7F5BE872269D13CD00EAF93D /* LaunchScreen.storyboard */ = {
			isa = PBXVariantGroup;
			children = (
				7F5BE873269D13CD00EAF93D /* Base */,
			);
			name = LaunchScreen.storyboard;
			sourceTree = "<group>";
		};
/* End PBXVariantGroup section */

/* Begin XCBuildConfiguration section */
		7F5BE88C269D13CE00EAF93D /* Debug */ = {
			isa = XCBuildConfiguration;
			buildSettings = {
				ALWAYS_SEARCH_USER_PATHS = NO;
				CLANG_ANALYZER_NONNULL = YES;
				CLANG_ANALYZER_NUMBER_OBJECT_CONVERSION = YES_AGGRESSIVE;
				CLANG_CXX_LANGUAGE_STANDARD = "gnu++14";
				CLANG_CXX_LIBRARY = "libc++";
				CLANG_ENABLE_MODULES = YES;
				CLANG_ENABLE_OBJC_ARC = YES;
				CLANG_ENABLE_OBJC_WEAK = YES;
				CLANG_WARN_BLOCK_CAPTURE_AUTORELEASING = YES;
				CLANG_WARN_BOOL_CONVERSION = YES;
				CLANG_WARN_COMMA = YES;
				CLANG_WARN_CONSTANT_CONVERSION = YES;
				CLANG_WARN_DEPRECATED_OBJC_IMPLEMENTATIONS = YES;
				CLANG_WARN_DIRECT_OBJC_ISA_USAGE = YES_ERROR;
				CLANG_WARN_DOCUMENTATION_COMMENTS = YES;
				CLANG_WARN_EMPTY_BODY = YES;
				CLANG_WARN_ENUM_CONVERSION = YES;
				CLANG_WARN_INFINITE_RECURSION = YES;
				CLANG_WARN_INT_CONVERSION = YES;
				CLANG_WARN_NON_LITERAL_NULL_CONVERSION = YES;
				CLANG_WARN_OBJC_IMPLICIT_RETAIN_SELF = YES;
				CLANG_WARN_OBJC_LITERAL_CONVERSION = YES;
				CLANG_WARN_OBJC_ROOT_CLASS = YES_ERROR;
				CLANG_WARN_QUOTED_INCLUDE_IN_FRAMEWORK_HEADER = YES;
				CLANG_WARN_RANGE_LOOP_ANALYSIS = YES;
				CLANG_WARN_STRICT_PROTOTYPES = YES;
				CLANG_WARN_SUSPICIOUS_MOVE = YES;
				CLANG_WARN_UNGUARDED_AVAILABILITY = YES_AGGRESSIVE;
				CLANG_WARN_UNREACHABLE_CODE = YES;
				CLANG_WARN__DUPLICATE_METHOD_MATCH = YES;
				COPY_PHASE_STRIP = NO;
				DEBUG_INFORMATION_FORMAT = dwarf;
				ENABLE_STRICT_OBJC_MSGSEND = YES;
				ENABLE_TESTABILITY = YES;
				GCC_C_LANGUAGE_STANDARD = gnu11;
				GCC_DYNAMIC_NO_PIC = NO;
				GCC_NO_COMMON_BLOCKS = YES;
				GCC_OPTIMIZATION_LEVEL = 0;
				GCC_PREPROCESSOR_DEFINITIONS = (
					"DEBUG=1",
					"$(inherited)",
				);
				GCC_WARN_64_TO_32_BIT_CONVERSION = YES;
				GCC_WARN_ABOUT_RETURN_TYPE = YES_ERROR;
				GCC_WARN_UNDECLARED_SELECTOR = YES;
				GCC_WARN_UNINITIALIZED_AUTOS = YES_AGGRESSIVE;
				GCC_WARN_UNUSED_FUNCTION = YES;
				GCC_WARN_UNUSED_VARIABLE = YES;
				IPHONEOS_DEPLOYMENT_TARGET = 14.4;
				MTL_ENABLE_DEBUG_INFO = INCLUDE_SOURCE;
				MTL_FAST_MATH = YES;
				ONLY_ACTIVE_ARCH = YES;
				SDKROOT = iphoneos;
				SWIFT_ACTIVE_COMPILATION_CONDITIONS = DEBUG;
				SWIFT_OPTIMIZATION_LEVEL = "-Onone";
			};
			name = Debug;
		};
		7F5BE88D269D13CE00EAF93D /* Release */ = {
			isa = XCBuildConfiguration;
			buildSettings = {
				ALWAYS_SEARCH_USER_PATHS = NO;
				CLANG_ANALYZER_NONNULL = YES;
				CLANG_ANALYZER_NUMBER_OBJECT_CONVERSION = YES_AGGRESSIVE;
				CLANG_CXX_LANGUAGE_STANDARD = "gnu++14";
				CLANG_CXX_LIBRARY = "libc++";
				CLANG_ENABLE_MODULES = YES;
				CLANG_ENABLE_OBJC_ARC = YES;
				CLANG_ENABLE_OBJC_WEAK = YES;
				CLANG_WARN_BLOCK_CAPTURE_AUTORELEASING = YES;
				CLANG_WARN_BOOL_CONVERSION = YES;
				CLANG_WARN_COMMA = YES;
				CLANG_WARN_CONSTANT_CONVERSION = YES;
				CLANG_WARN_DEPRECATED_OBJC_IMPLEMENTATIONS = YES;
				CLANG_WARN_DIRECT_OBJC_ISA_USAGE = YES_ERROR;
				CLANG_WARN_DOCUMENTATION_COMMENTS = YES;
				CLANG_WARN_EMPTY_BODY = YES;
				CLANG_WARN_ENUM_CONVERSION = YES;
				CLANG_WARN_INFINITE_RECURSION = YES;
				CLANG_WARN_INT_CONVERSION = YES;
				CLANG_WARN_NON_LITERAL_NULL_CONVERSION = YES;
				CLANG_WARN_OBJC_IMPLICIT_RETAIN_SELF = YES;
				CLANG_WARN_OBJC_LITERAL_CONVERSION = YES;
				CLANG_WARN_OBJC_ROOT_CLASS = YES_ERROR;
				CLANG_WARN_QUOTED_INCLUDE_IN_FRAMEWORK_HEADER = YES;
				CLANG_WARN_RANGE_LOOP_ANALYSIS = YES;
				CLANG_WARN_STRICT_PROTOTYPES = YES;
				CLANG_WARN_SUSPICIOUS_MOVE = YES;
				CLANG_WARN_UNGUARDED_AVAILABILITY = YES_AGGRESSIVE;
				CLANG_WARN_UNREACHABLE_CODE = YES;
				CLANG_WARN__DUPLICATE_METHOD_MATCH = YES;
				COPY_PHASE_STRIP = NO;
				DEBUG_INFORMATION_FORMAT = "dwarf-with-dsym";
				ENABLE_NS_ASSERTIONS = NO;
				ENABLE_STRICT_OBJC_MSGSEND = YES;
				GCC_C_LANGUAGE_STANDARD = gnu11;
				GCC_NO_COMMON_BLOCKS = YES;
				GCC_WARN_64_TO_32_BIT_CONVERSION = YES;
				GCC_WARN_ABOUT_RETURN_TYPE = YES_ERROR;
				GCC_WARN_UNDECLARED_SELECTOR = YES;
				GCC_WARN_UNINITIALIZED_AUTOS = YES_AGGRESSIVE;
				GCC_WARN_UNUSED_FUNCTION = YES;
				GCC_WARN_UNUSED_VARIABLE = YES;
				IPHONEOS_DEPLOYMENT_TARGET = 14.4;
				MTL_ENABLE_DEBUG_INFO = NO;
				MTL_FAST_MATH = YES;
				SDKROOT = iphoneos;
				SWIFT_COMPILATION_MODE = wholemodule;
				SWIFT_OPTIMIZATION_LEVEL = "-O";
				VALIDATE_PRODUCT = YES;
			};
			name = Release;
		};
		7F5BE88F269D13CE00EAF93D /* Debug */ = {
			isa = XCBuildConfiguration;
			baseConfigurationReference = E38BD066E2A9B153AD6FD6DC /* Pods-SeventhBuildingApp0120.debug.xcconfig */;
			buildSettings = {
				ASSETCATALOG_COMPILER_APPICON_NAME = AppIcon;
				ASSETCATALOG_COMPILER_GLOBAL_ACCENT_COLOR_NAME = AccentColor;
				CODE_SIGN_STYLE = Automatic;
				DEVELOPMENT_TEAM = 7LR3KL2A63;
				INFOPLIST_FILE = SeventhBuildingApp0120/Info.plist;
				LD_RUNPATH_SEARCH_PATHS = (
					"$(inherited)",
					"@executable_path/Frameworks",
				);
				PRODUCT_BUNDLE_IDENTIFIER = jp.ac.jec.20cm0120.SeventhBuildingApp0120.lottie;
				PRODUCT_NAME = "$(TARGET_NAME)";
				SWIFT_VERSION = 5.0;
				TARGETED_DEVICE_FAMILY = "1,2";
			};
			name = Debug;
		};
		7F5BE890269D13CE00EAF93D /* Release */ = {
			isa = XCBuildConfiguration;
			baseConfigurationReference = B4FEF55A3E144C9D8AD48659 /* Pods-SeventhBuildingApp0120.release.xcconfig */;
			buildSettings = {
				ASSETCATALOG_COMPILER_APPICON_NAME = AppIcon;
				ASSETCATALOG_COMPILER_GLOBAL_ACCENT_COLOR_NAME = AccentColor;
				CODE_SIGN_STYLE = Automatic;
				DEVELOPMENT_TEAM = 7LR3KL2A63;
				INFOPLIST_FILE = SeventhBuildingApp0120/Info.plist;
				LD_RUNPATH_SEARCH_PATHS = (
					"$(inherited)",
					"@executable_path/Frameworks",
				);
				PRODUCT_BUNDLE_IDENTIFIER = jp.ac.jec.20cm0120.SeventhBuildingApp0120.lottie;
				PRODUCT_NAME = "$(TARGET_NAME)";
				SWIFT_VERSION = 5.0;
				TARGETED_DEVICE_FAMILY = "1,2";
			};
			name = Release;
		};
		7F5BE892269D13CE00EAF93D /* Debug */ = {
			isa = XCBuildConfiguration;
			baseConfigurationReference = 3D5B6E858C6F0B3DFC26C4EA /* Pods-SeventhBuildingApp0120Tests.debug.xcconfig */;
			buildSettings = {
				ALWAYS_EMBED_SWIFT_STANDARD_LIBRARIES = YES;
				BUNDLE_LOADER = "$(TEST_HOST)";
				CODE_SIGN_STYLE = Automatic;
				INFOPLIST_FILE = SeventhBuildingApp0120Tests/Info.plist;
				IPHONEOS_DEPLOYMENT_TARGET = 14.4;
				LD_RUNPATH_SEARCH_PATHS = (
					"$(inherited)",
					"@executable_path/Frameworks",
					"@loader_path/Frameworks",
				);
				PRODUCT_BUNDLE_IDENTIFIER = jp.ac.jec.20cm0120.SeventhBuildingApp0120Tests;
				PRODUCT_NAME = "$(TARGET_NAME)";
				SWIFT_VERSION = 5.0;
				TARGETED_DEVICE_FAMILY = "1,2";
				TEST_HOST = "$(BUILT_PRODUCTS_DIR)/SeventhBuildingApp0120.app/SeventhBuildingApp0120";
			};
			name = Debug;
		};
		7F5BE893269D13CE00EAF93D /* Release */ = {
			isa = XCBuildConfiguration;
			baseConfigurationReference = 45C9A9EC59A8B869889C92A4 /* Pods-SeventhBuildingApp0120Tests.release.xcconfig */;
			buildSettings = {
				ALWAYS_EMBED_SWIFT_STANDARD_LIBRARIES = YES;
				BUNDLE_LOADER = "$(TEST_HOST)";
				CODE_SIGN_STYLE = Automatic;
				INFOPLIST_FILE = SeventhBuildingApp0120Tests/Info.plist;
				IPHONEOS_DEPLOYMENT_TARGET = 14.4;
				LD_RUNPATH_SEARCH_PATHS = (
					"$(inherited)",
					"@executable_path/Frameworks",
					"@loader_path/Frameworks",
				);
				PRODUCT_BUNDLE_IDENTIFIER = jp.ac.jec.20cm0120.SeventhBuildingApp0120Tests;
				PRODUCT_NAME = "$(TARGET_NAME)";
				SWIFT_VERSION = 5.0;
				TARGETED_DEVICE_FAMILY = "1,2";
				TEST_HOST = "$(BUILT_PRODUCTS_DIR)/SeventhBuildingApp0120.app/SeventhBuildingApp0120";
			};
			name = Release;
		};
		7F5BE895269D13CE00EAF93D /* Debug */ = {
			isa = XCBuildConfiguration;
			baseConfigurationReference = 2C7A7E0269C5F9A59BA7197A /* Pods-SeventhBuildingApp0120-SeventhBuildingApp0120UITests.debug.xcconfig */;
			buildSettings = {
				ALWAYS_EMBED_SWIFT_STANDARD_LIBRARIES = YES;
				CODE_SIGN_STYLE = Automatic;
				INFOPLIST_FILE = SeventhBuildingApp0120UITests/Info.plist;
				LD_RUNPATH_SEARCH_PATHS = (
					"$(inherited)",
					"@executable_path/Frameworks",
					"@loader_path/Frameworks",
				);
				PRODUCT_BUNDLE_IDENTIFIER = jp.ac.jec.20cm0120.SeventhBuildingApp0120UITests;
				PRODUCT_NAME = "$(TARGET_NAME)";
				SWIFT_VERSION = 5.0;
				TARGETED_DEVICE_FAMILY = "1,2";
				TEST_TARGET_NAME = SeventhBuildingApp0120;
			};
			name = Debug;
		};
		7F5BE896269D13CE00EAF93D /* Release */ = {
			isa = XCBuildConfiguration;
			baseConfigurationReference = B366F5759A506733639812A5 /* Pods-SeventhBuildingApp0120-SeventhBuildingApp0120UITests.release.xcconfig */;
			buildSettings = {
				ALWAYS_EMBED_SWIFT_STANDARD_LIBRARIES = YES;
				CODE_SIGN_STYLE = Automatic;
				INFOPLIST_FILE = SeventhBuildingApp0120UITests/Info.plist;
				LD_RUNPATH_SEARCH_PATHS = (
					"$(inherited)",
					"@executable_path/Frameworks",
					"@loader_path/Frameworks",
				);
				PRODUCT_BUNDLE_IDENTIFIER = jp.ac.jec.20cm0120.SeventhBuildingApp0120UITests;
				PRODUCT_NAME = "$(TARGET_NAME)";
				SWIFT_VERSION = 5.0;
				TARGETED_DEVICE_FAMILY = "1,2";
				TEST_TARGET_NAME = SeventhBuildingApp0120;
			};
			name = Release;
		};
/* End XCBuildConfiguration section */

/* Begin XCConfigurationList section */
		7F5BE85F269D13CB00EAF93D /* Build configuration list for PBXProject "SeventhBuildingApp0120" */ = {
			isa = XCConfigurationList;
			buildConfigurations = (
				7F5BE88C269D13CE00EAF93D /* Debug */,
				7F5BE88D269D13CE00EAF93D /* Release */,
			);
			defaultConfigurationIsVisible = 0;
			defaultConfigurationName = Release;
		};
		7F5BE88E269D13CE00EAF93D /* Build configuration list for PBXNativeTarget "SeventhBuildingApp0120" */ = {
			isa = XCConfigurationList;
			buildConfigurations = (
				7F5BE88F269D13CE00EAF93D /* Debug */,
				7F5BE890269D13CE00EAF93D /* Release */,
			);
			defaultConfigurationIsVisible = 0;
			defaultConfigurationName = Release;
		};
		7F5BE891269D13CE00EAF93D /* Build configuration list for PBXNativeTarget "SeventhBuildingApp0120Tests" */ = {
			isa = XCConfigurationList;
			buildConfigurations = (
				7F5BE892269D13CE00EAF93D /* Debug */,
				7F5BE893269D13CE00EAF93D /* Release */,
			);
			defaultConfigurationIsVisible = 0;
			defaultConfigurationName = Release;
		};
		7F5BE894269D13CE00EAF93D /* Build configuration list for PBXNativeTarget "SeventhBuildingApp0120UITests" */ = {
			isa = XCConfigurationList;
			buildConfigurations = (
				7F5BE895269D13CE00EAF93D /* Debug */,
				7F5BE896269D13CE00EAF93D /* Release */,
			);
			defaultConfigurationIsVisible = 0;
			defaultConfigurationName = Release;
		};
/* End XCConfigurationList section */
	};
	rootObject = 7F5BE85C269D13CB00EAF93D /* Project object */;
}
